
Microsoft Visual Studio Solution File, Format Version 12.00
# Visual Studio Version 17
VisualStudioVersion = 17.12.35707.178 d17.12
MinimumVisualStudioVersion = 10.0.40219.1
Project("{FAE04EC0-301F-11D3-BF4B-00C04F79EFBC}") = "CloudPubTest", "CloudPubTest\CloudPubTest.csproj", "{D8FB64EC-1C1C-4A60-A132-31C4F469357A}"
EndProject
Project("{FAE04EC0-301F-11D3-BF4B-00C04F79EFBC}") = "CloudPubSDK", "CloudPubSDK\CloudPubSDK.csproj", "{CA854D7C-E360-4A7B-8B4B-1448BA98BBCF}"
EndProject
Global
	GlobalSection(SolutionConfigurationPlatforms) = preSolution
		Debug|Any CPU = Debug|Any CPU
		Release|Any CPU = Release|Any CPU
	EndGlobalSection
	GlobalSection(ProjectConfigurationPlatforms) = postSolution
		{D8FB64EC-1C1C-4A60-A132-31C4F469357A}.Debug|Any CPU.ActiveCfg = Debug|Any CPU
		{D8FB64EC-1C1C-4A60-A132-31C4F469357A}.Debug|Any CPU.Build.0 = Debug|Any CPU
		{D8FB64EC-1C1C-4A60-A132-31C4F469357A}.Release|Any CPU.ActiveCfg = Release|Any CPU
		{D8FB64EC-1C1C-4A60-A132-31C4F469357A}.Release|Any CPU.Build.0 = Release|Any CPU
		{CA854D7C-E360-4A7B-8B4B-1448BA98BBCF}.Debug|Any CPU.ActiveCfg = Debug|Any CPU
		{CA854D7C-E360-4A7B-8B4B-1448BA98BBCF}.Debug|Any CPU.Build.0 = Debug|Any CPU
		{CA854D7C-E360-4A7B-8B4B-1448BA98BBCF}.Release|Any CPU.ActiveCfg = Release|Any CPU
		{CA854D7C-E360-4A7B-8B4B-1448BA98BBCF}.Release|Any CPU.Build.0 = Release|Any CPU
	EndGlobalSection
	GlobalSection(SolutionProperties) = preSolution
		HideSolutionNode = FALSE
	EndGlobalSection
EndGlobal
